{
  "originHash" : "4792d032329535d5fe5f5b3c7323ec323846ff8401b3e345202de7cf34bad707",
  "pins" : [
    {
      "identity" : "biangbiangui",
      "kind" : "remoteSourceControl",
      "location" : "https://github.com/veeso/BiangBiangUI",
      "state" : {
        "revision" : "7c2a9a7e6b00311977b40aa7ce205a9320bade7e",
        "version" : "0.3.2"
      }
    }
  ],
  "version" : 3
}
